// !$*UTF8*$!
{
	archiveVersion = 1;
	classes = {
	};
	objectVersion = 46;
	objects = {

/* Begin PBXBuildFile section */
		C1E7E2DC199C09B10060CC21 /* Foundation.framework in Frameworks */ = {isa = PBXBuildFile; fileRef = C1E7E2DB199C09B10060CC21 /* Foundation.framework */; };
		C1E7E2DE199C09B10060CC21 /* CoreGraphics.framework in Frameworks */ = {isa = PBXBuildFile; fileRef = C1E7E2DD199C09B10060CC21 /* CoreGraphics.framework */; };
		C1E7E2E0199C09B10060CC21 /* UIKit.framework in Frameworks */ = {isa = PBXBuildFile; fileRef = C1E7E2DF199C09B10060CC21 /* UIKit.framework */; };
		C1E7E2E6199C09B10060CC21 /* InfoPlist.strings in Resources */ = {isa = PBXBuildFile; fileRef = C1E7E2E4199C09B10060CC21 /* InfoPlist.strings */; };
		C1E7E2E8199C09B10060CC21 /* main.m in Sources */ = {isa = PBXBuildFile; fileRef = C1E7E2E7199C09B10060CC21 /* main.m */; };
		C1E7E2EC199C09B10060CC21 /* AppDelegate.m in Sources */ = {isa = PBXBuildFile; fileRef = C1E7E2EB199C09B10060CC21 /* AppDelegate.m */; };
		C1E7E2EE199C09B20060CC21 /* Images.xcassets in Resources */ = {isa = PBXBuildFile; fileRef = C1E7E2ED199C09B20060CC21 /* Images.xcassets */; };
		C1E7E2F5199C09B20060CC21 /* XCTest.framework in Frameworks */ = {isa = PBXBuildFile; fileRef = C1E7E2F4199C09B20060CC21 /* XCTest.framework */; };
		C1E7E2F6199C09B20060CC21 /* Foundation.framework in Frameworks */ = {isa = PBXBuildFile; fileRef = C1E7E2DB199C09B10060CC21 /* Foundation.framework */; };
		C1E7E2F7199C09B20060CC21 /* UIKit.framework in Frameworks */ = {isa = PBXBuildFile; fileRef = C1E7E2DF199C09B10060CC21 /* UIKit.framework */; };
		C1E7E2FF199C09B20060CC21 /* InfoPlist.strings in Resources */ = {isa = PBXBuildFile; fileRef = C1E7E2FD199C09B20060CC21 /* InfoPlist.strings */; };
		C1E7E301199C09B20060CC21 /* BidDesignTests.m in Sources */ = {isa = PBXBuildFile; fileRef = C1E7E300199C09B20060CC21 /* BidDesignTests.m */; };
/* End PBXBuildFile section */

/* Begin PBXContainerItemProxy section */
		C1E7E2F8199C09B20060CC21 /* PBXContainerItemProxy */ = {
			isa = PBXContainerItemProxy;
			containerPortal = C1E7E2D0199C09B10060CC21 /* Project object */;
			proxyType = 1;
			remoteGlobalIDString = C1E7E2D7199C09B10060CC21;
			remoteInfo = BidDesign;
		};
/* End PBXContainerItemProxy section */

/* Begin PBXFileReference section */
		C1E7E2D8199C09B10060CC21 /* BidDesign.app */ = {isa = PBXFileReference; explicitFileType = wrapper.application; includeInIndex = 0; path = BidDesign.app; sourceTree = BUILT_PRODUCTS_DIR; };
		C1E7E2DB199C09B10060CC21 /* Foundation.framework */ = {isa = PBXFileReference; lastKnownFileType = wrapper.framework; name = Foundation.framework; path = System/Library/Frameworks/Foundation.framework; sourceTree = SDKROOT; };
		C1E7E2DD199C09B10060CC21 /* CoreGraphics.framework */ = {isa = PBXFileReference; lastKnownFileType = wrapper.framework; name = CoreGraphics.framework; path = System/Library/Frameworks/CoreGraphics.framework; sourceTree = SDKROOT; };
		C1E7E2DF199C09B10060CC21 /* UIKit.framework */ = {isa = PBXFileReference; lastKnownFileType = wrapper.framework; name = UIKit.framework; path = System/Library/Frameworks/UIKit.framework; sourceTree = SDKROOT; };
		C1E7E2E3199C09B10060CC21 /* BidDesign-Info.plist */ = {isa = PBXFileReference; lastKnownFileType = text.plist.xml; path = "BidDesign-Info.plist"; sourceTree = "<group>"; };
		C1E7E2E5199C09B10060CC21 /* en */ = {isa = PBXFileReference; lastKnownFileType = text.plist.strings; name = en; path = en.lproj/InfoPlist.strings; sourceTree = "<group>"; };
		C1E7E2E7199C09B10060CC21 /* main.m */ = {isa = PBXFileReference; lastKnownFileType = sourcecode.c.objc; path = main.m; sourceTree = "<group>"; };
		C1E7E2E9199C09B10060CC21 /* BidDesign-Prefix.pch */ = {isa = PBXFileReference; lastKnownFileType = sourcecode.c.h; path = "BidDesign-Prefix.pch"; sourceTree = "<group>"; };
		C1E7E2EA199C09B10060CC21 /* AppDelegate.h */ = {isa = PBXFileReference; lastKnownFileType = sourcecode.c.h; path = AppDelegate.h; sourceTree = "<group>"; };
		C1E7E2EB199C09B10060CC21 /* AppDelegate.m */ = {isa = PBXFileReference; lastKnownFileType = sourcecode.c.objc; path = AppDelegate.m; sourceTree = "<group>"; };
		C1E7E2ED199C09B20060CC21 /* Images.xcassets */ = {isa = PBXFileReference; lastKnownFileType = folder.assetcatalog; path = Images.xcassets; sourceTree = "<group>"; };
		C1E7E2F3199C09B20060CC21 /* BidDesignTests.xctest */ = {isa = PBXFileReference; explicitFileType = wrapper.cfbundle; includeInIndex = 0; path = BidDesignTests.xctest; sourceTree = BUILT_PRODUCTS_DIR; };
		C1E7E2F4199C09B20060CC21 /* XCTest.framework */ = {isa = PBXFileReference; lastKnownFileType = wrapper.framework; name = XCTest.framework; path = Library/Frameworks/XCTest.framework; sourceTree = DEVELOPER_DIR; };
		C1E7E2FC199C09B20060CC21 /* BidDesignTests-Info.plist */ = {isa = PBXFileReference; lastKnownFileType = text.plist.xml; path = "BidDesignTests-Info.plist"; sourceTree = "<group>"; };
		C1E7E2FE199C09B20060CC21 /* en */ = {isa = PBXFileReference; lastKnownFileType = text.plist.strings; name = en; path = en.lproj/InfoPlist.strings; sourceTree = "<group>"; };
		C1E7E300199C09B20060CC21 /* BidDesignTests.m */ = {isa = PBXFileReference; lastKnownFileType = sourcecode.c.objc; path = BidDesignTests.m; sourceTree = "<group>"; };
/* End PBXFileReference section */

/* Begin PBXFrameworksBuildPhase section */
		C1E7E2D5199C09B10060CC21 /* Frameworks */ = {
			isa = PBXFrameworksBuildPhase;
			buildActionMask = 2147483647;
			files = (
				C1E7E2DE199C09B10060CC21 /* CoreGraphics.framework in Frameworks */,
				C1E7E2E0199C09B10060CC21 /* UIKit.framework in Frameworks */,
				C1E7E2DC199C09B10060CC21 /* Foundation.framework in Frameworks */,
			);
			runOnlyForDeploymentPostprocessing = 0;
		};
		C1E7E2F0199C09B20060CC21 /* Frameworks */ = {
			isa = PBXFrameworksBuildPhase;
			buildActionMask = 2147483647;
			files = (
				C1E7E2F5199C09B20060CC21 /* XCTest.framework in Frameworks */,
				C1E7E2F7199C09B20060CC21 /* UIKit.framework in Frameworks */,
				C1E7E2F6199C09B20060CC21 /* Foundation.framework in Frameworks */,
			);
			runOnlyForDeploymentPostprocessing = 0;
		};
/* End PBXFrameworksBuildPhase section */

/* Begin PBXGroup section */
		C1E7E2CF199C09B10060CC21 = {
			isa = PBXGroup;
			children = (
				C1E7E2E1199C09B10060CC21 /* BidDesign */,
				C1E7E2FA199C09B20060CC21 /* BidDesignTests */,
				C1E7E2DA199C09B10060CC21 /* Frameworks */,
				C1E7E2D9199C09B10060CC21 /* Products */,
			);
			sourceTree = "<group>";
		};
		C1E7E2D9199C09B10060CC21 /* Products */ = {
			isa = PBXGroup;
			children = (
				C1E7E2D8199C09B10060CC21 /* BidDesign.app */,
				C1E7E2F3199C09B20060CC21 /* BidDesignTests.xctest */,
			);
			name = Products;
			sourceTree = "<group>";
		};
		C1E7E2DA199C09B10060CC21 /* Frameworks */ = {
			isa = PBXGroup;
			children = (
				C1E7E2DB199C09B10060CC21 /* Foundation.framework */,
				C1E7E2DD199C09B10060CC21 /* CoreGraphics.framework */,
				C1E7E2DF199C09B10060CC21 /* UIKit.framework */,
				C1E7E2F4199C09B20060CC21 /* XCTest.framework */,
			);
			name = Frameworks;
			sourceTree = "<group>";
		};
		C1E7E2E1199C09B10060CC21 /* BidDesign */ = {
			isa = PBXGroup;
			children = (
				C1E7E2EA199C09B10060CC21 /* AppDelegate.h */,
				C1E7E2EB199C09B10060CC21 /* AppDelegate.m */,
				C1E7E2ED199C09B20060CC21 /* Images.xcassets */,
				C1E7E2E2199C09B10060CC21 /* Supporting Files */,
			);
			path = BidDesign;
			sourceTree = "<group>";
		};
		C1E7E2E2199C09B10060CC21 /* Supporting Files */ = {
			isa = PBXGroup;
			children = (
				C1E7E2E3199C09B10060CC21 /* BidDesign-Info.plist */,
				C1E7E2E4199C09B10060CC21 /* InfoPlist.strings */,
				C1E7E2E7199C09B10060CC21 /* main.m */,
				C1E7E2E9199C09B10060CC21 /* BidDesign-Prefix.pch */,
			);
			name = "Supporting Files";
			sourceTree = "<group>";
		};
		C1E7E2FA199C09B20060CC21 /* BidDesignTests */ = {
			isa = PBXGroup;
			children = (
				C1E7E300199C09B20060CC21 /* BidDesignTests.m */,
				C1E7E2FB199C09B20060CC21 /* Supporting Files */,
			);
			path = BidDesignTests;
			sourceTree = "<group>";
		};
		C1E7E2FB199C09B20060CC21 /* Supporting Files */ = {
			isa = PBXGroup;
			children = (
				C1E7E2FC199C09B20060CC21 /* BidDesignTests-Info.plist */,
				C1E7E2FD199C09B20060CC21 /* InfoPlist.strings */,
			);
			name = "Supporting Files";
			sourceTree = "<group>";
		};
/* End PBXGroup section */

/* Begin PBXNativeTarget section */
		C1E7E2D7199C09B10060CC21 /* BidDesign */ = {
			isa = PBXNativeTarget;
			buildConfigurationList = C1E7E304199C09B20060CC21 /* Build configuration list for PBXNativeTarget "BidDesign" */;
			buildPhases = (
				C1E7E2D4199C09B10060CC21 /* Sources */,
				C1E7E2D5199C09B10060CC21 /* Frameworks */,
				C1E7E2D6199C09B10060CC21 /* Resources */,
			);
			buildRules = (
			);
			dependencies = (
			);
			name = BidDesign;
			productName = BidDesign;
			productReference = C1E7E2D8199C09B10060CC21 /* BidDesign.app */;
			productType = "com.apple.product-type.application";
		};
		C1E7E2F2199C09B20060CC21 /* BidDesignTests */ = {
			isa = PBXNativeTarget;
			buildConfigurationList = C1E7E307199C09B20060CC21 /* Build configuration list for PBXNativeTarget "BidDesignTests" */;
			buildPhases = (
				C1E7E2EF199C09B20060CC21 /* Sources */,
				C1E7E2F0199C09B20060CC21 /* Frameworks */,
				C1E7E2F1199C09B20060CC21 /* Resources */,
			);
			buildRules = (
			);
			dependencies = (
				C1E7E2F9199C09B20060CC21 /* PBXTargetDependency */,
			);
			name = BidDesignTests;
			productName = BidDesignTests;
			productReference = C1E7E2F3199C09B20060CC21 /* BidDesignTests.xctest */;
			productType = "com.apple.product-type.bundle.unit-test";
		};
/* End PBXNativeTarget section */

/* Begin PBXProject section */
		C1E7E2D0199C09B10060CC21 /* Project object */ = {
			isa = PBXProject;
			attributes = {
				LastUpgradeCheck = 0510;
				ORGANIZATIONNAME = NickyLAI;
				TargetAttributes = {
					C1E7E2F2199C09B20060CC21 = {
						TestTargetID = C1E7E2D7199C09B10060CC21;
					};
				};
			};
			buildConfigurationList = C1E7E2D3199C09B10060CC21 /* Build configuration list for PBXProject "BidDesign" */;
			compatibilityVersion = "Xcode 3.2";
			developmentRegion = English;
			hasScannedForEncodings = 0;
			knownRegions = (
				en,
			);
			mainGroup = C1E7E2CF199C09B10060CC21;
			productRefGroup = C1E7E2D9199C09B10060CC21 /* Products */;
			projectDirPath = "";
			projectRoot = "";
			targets = (
				C1E7E2D7199C09B10060CC21 /* BidDesign */,
				C1E7E2F2199C09B20060CC21 /* BidDesignTests */,
			);
		};
/* End PBXProject section */

/* Begin PBXResourcesBuildPhase section */
		C1E7E2D6199C09B10060CC21 /* Resources */ = {
			isa = PBXResourcesBuildPhase;
			buildActionMask = 2147483647;
			files = (
				C1E7E2E6199C09B10060CC21 /* InfoPlist.strings in Resources */,
				C1E7E2EE199C09B20060CC21 /* Images.xcassets in Resources */,
			);
			runOnlyForDeploymentPostprocessing = 0;
		};
		C1E7E2F1199C09B20060CC21 /* Resources */ = {
			isa = PBXResourcesBuildPhase;
			buildActionMask = 2147483647;
			files = (
				C1E7E2FF199C09B20060CC21 /* InfoPlist.strings in Resources */,
			);
			runOnlyForDeploymentPostprocessing = 0;
		};
/* End PBXResourcesBuildPhase section */

/* Begin PBXSourcesBuildPhase section */
		C1E7E2D4199C09B10060CC21 /* Sources */ = {
			isa = PBXSourcesBuildPhase;
			buildActionMask = 2147483647;
			files = (
				C1E7E2EC199C09B10060CC21 /* AppDelegate.m in Sources */,
				C1E7E2E8199C09B10060CC21 /* main.m in Sources */,
			);
			runOnlyForDeploymentPostprocessing = 0;
		};
		C1E7E2EF199C09B20060CC21 /* Sources */ = {
			isa = PBXSourcesBuildPhase;
			buildActionMask = 2147483647;
			files = (
				C1E7E301199C09B20060CC21 /* BidDesignTests.m in Sources */,
			);
			runOnlyForDeploymentPostprocessing = 0;
		};
/* End PBXSourcesBuildPhase section */

/* Begin PBXTargetDependency section */
		C1E7E2F9199C09B20060CC21 /* PBXTargetDependency */ = {
			isa = PBXTargetDependency;
			target = C1E7E2D7199C09B10060CC21 /* BidDesign */;
			targetProxy = C1E7E2F8199C09B20060CC21 /* PBXContainerItemProxy */;
		};
/* End PBXTargetDependency section */

/* Begin PBXVariantGroup section */
		C1E7E2E4199C09B10060CC21 /* InfoPlist.strings */ = {
			isa = PBXVariantGroup;
			children = (
				C1E7E2E5199C09B10060CC21 /* en */,
			);
			name = InfoPlist.strings;
			sourceTree = "<group>";
		};
		C1E7E2FD199C09B20060CC21 /* InfoPlist.strings */ = {
			isa = PBXVariantGroup;
			children = (
				C1E7E2FE199C09B20060CC21 /* en */,
			);
			name = InfoPlist.strings;
			sourceTree = "<group>";
		};
/* End PBXVariantGroup section */

/* Begin XCBuildConfiguration section */
		C1E7E302199C09B20060CC21 /* Debug */ = {
			isa = XCBuildConfiguration;
			buildSettings = {
				ALWAYS_SEARCH_USER_PATHS = NO;
				CLANG_CXX_LANGUAGE_STANDARD = "gnu++0x";
				CLANG_CXX_LIBRARY = "libc++";
				CLANG_ENABLE_MODULES = YES;
				CLANG_ENABLE_OBJC_ARC = YES;
				CLANG_WARN_BOOL_CONVERSION = YES;
				CLANG_WARN_CONSTANT_CONVERSION = YES;
				CLANG_WARN_DIRECT_OBJC_ISA_USAGE = YES_ERROR;
				CLANG_WARN_EMPTY_BODY = YES;
				CLANG_WARN_ENUM_CONVERSION = YES;
				CLANG_WARN_INT_CONVERSION = YES;
				CLANG_WARN_OBJC_ROOT_CLASS = YES_ERROR;
				CLANG_WARN__DUPLICATE_METHOD_MATCH = YES;
				"CODE_SIGN_IDENTITY[sdk=iphoneos*]" = "iPhone Developer";
				COPY_PHASE_STRIP = NO;
				GCC_C_LANGUAGE_STANDARD = gnu99;
				GCC_DYNAMIC_NO_PIC = NO;
				GCC_OPTIMIZATION_LEVEL = 0;
				GCC_PREPROCESSOR_DEFINITIONS = (
					"DEBUG=1",
					"$(inherited)",
				);
				GCC_SYMBOLS_PRIVATE_EXTERN = NO;
				GCC_WARN_64_TO_32_BIT_CONVERSION = YES;
				GCC_WARN_ABOUT_RETURN_TYPE = YES_ERROR;
				GCC_WARN_UNDECLARED_SELECTOR = YES;
				GCC_WARN_UNINITIALIZED_AUTOS = YES_AGGRESSIVE;
				GCC_WARN_UNUSED_FUNCTION = YES;
				GCC_WARN_UNUSED_VARIABLE = YES;
				IPHONEOS_DEPLOYMENT_TARGET = 7.1;
				ONLY_ACTIVE_ARCH = YES;
				SDKROOT = iphoneos;
				TARGETED_DEVICE_FAMILY = "1,2";
			};
			name = Debug;
		};
		C1E7E303199C09B20060CC21 /* Release */ = {
			isa = XCBuildConfiguration;
			buildSettings = {
				ALWAYS_SEARCH_USER_PATHS = NO;
				CLANG_CXX_LANGUAGE_STANDARD = "gnu++0x";
				CLANG_CXX_LIBRARY = "libc++";
				CLANG_ENABLE_MODULES = YES;
				CLANG_ENABLE_OBJC_ARC = YES;
				CLANG_WARN_BOOL_CONVERSION = YES;
				CLANG_WARN_CONSTANT_CONVERSION = YES;
				CLANG_WARN_DIRECT_OBJC_ISA_USAGE = YES_ERROR;
				CLANG_WARN_EMPTY_BODY = YES;
				CLANG_WARN_ENUM_CONVERSION = YES;
				CLANG_WARN_INT_CONVERSION = YES;
				CLANG_WARN_OBJC_ROOT_CLASS = YES_ERROR;
				CLANG_WARN__DUPLICATE_METHOD_MATCH = YES;
				"CODE_SIGN_IDENTITY[sdk=iphoneos*]" = "iPhone Developer";
				COPY_PHASE_STRIP = YES;
				ENABLE_NS_ASSERTIONS = NO;
				GCC_C_LANGUAGE_STANDARD = gnu99;
				GCC_WARN_64_TO_32_BIT_CONVERSION = YES;
				GCC_WARN_ABOUT_RETURN_TYPE = YES_ERROR;
				GCC_WARN_UNDECLARED_SELECTOR = YES;
				GCC_WARN_UNINITIALIZED_AUTOS = YES_AGGRESSIVE;
				GCC_WARN_UNUSED_FUNCTION = YES;
				GCC_WARN_UNUSED_VARIABLE = YES;
				IPHONEOS_DEPLOYMENT_TARGET = 7.1;
				SDKROOT = iphoneos;
				TARGETED_DEVICE_FAMILY = "1,2";
				VALIDATE_PRODUCT = YES;
			};
			name = Release;
		};
		C1E7E305199C09B20060CC21 /* Debug */ = {
			isa = XCBuildConfiguration;
			buildSettings = {
				ASSETCATALOG_COMPILER_APPICON_NAME = AppIcon;
				ASSETCATALOG_COMPILER_LAUNCHIMAGE_NAME = LaunchImage;
				GCC_PRECOMPILE_PREFIX_HEADER = YES;
				GCC_PREFIX_HEADER = "BidDesign/BidDesign-Prefix.pch";
				INFOPLIST_FILE = "BidDesign/BidDesign-Info.plist";
				PRODUCT_NAME = "$(TARGET_NAME)";
				WRAPPER_EXTENSION = app;
			};
			name = Debug;
		};
		C1E7E306199C09B20060CC21 /* Release */ = {
			isa = XCBuildConfiguration;
			buildSettings = {
				ASSETCATALOG_COMPILER_APPICON_NAME = AppIcon;
				ASSETCATALOG_COMPILER_LAUNCHIMAGE_NAME = LaunchImage;
				GCC_PRECOMPILE_PREFIX_HEADER = YES;
				GCC_PREFIX_HEADER = "BidDesign/BidDesign-Prefix.pch";
				INFOPLIST_FILE = "BidDesign/BidDesign-Info.plist";
				PRODUCT_NAME = "$(TARGET_NAME)";
				WRAPPER_EXTENSION = app;
			};
			name = Release;
		};
		C1E7E308199C09B20060CC21 /* Debug */ = {
			isa = XCBuildConfiguration;
			buildSettings = {
				BUNDLE_LOADER = "$(BUILT_PRODUCTS_DIR)/BidDesign.app/BidDesign";
				FRAMEWORK_SEARCH_PATHS = (
					"$(SDKROOT)/Developer/Library/Frameworks",
					"$(inherited)",
					"$(DEVELOPER_FRAMEWORKS_DIR)",
				);
				GCC_PRECOMPILE_PREFIX_HEADER = YES;
				GCC_PREFIX_HEADER = "BidDesign/BidDesign-Prefix.pch";
				GCC_PREPROCESSOR_DEFINITIONS = (
					"DEBUG=1",
					"$(inherited)",
				);
				INFOPLIST_FILE = "BidDesignTests/BidDesignTests-Info.plist";
				PRODUCT_NAME = "$(TARGET_NAME)";
				TEST_HOST = "$(BUNDLE_LOADER)";
				WRAPPER_EXTENSION = xctest;
			};
			name = Debug;
		};
		C1E7E309199C09B20060CC21 /* Release */ = {
			isa = XCBuildConfiguration;
			buildSettings = {
				BUNDLE_LOADER = "$(BUILT_PRODUCTS_DIR)/BidDesign.app/BidDesign";
				FRAMEWORK_SEARCH_PATHS = (
					"$(SDKROOT)/Developer/Library/Frameworks",
					"$(inherited)",
					"$(DEVELOPER_FRAMEWORKS_DIR)",
				);
				GCC_PRECOMPILE_PREFIX_HEADER = YES;
				GCC_PREFIX_HEADER = "BidDesign/BidDesign-Prefix.pch";
				INFOPLIST_FILE = "BidDesignTests/BidDesignTests-Info.plist";
				PRODUCT_NAME = "$(TARGET_NAME)";
				TEST_HOST = "$(BUNDLE_LOADER)";
				WRAPPER_EXTENSION = xctest;
			};
			name = Release;
		};
/* End XCBuildConfiguration section */

/* Begin XCConfigurationList section */
		C1E7E2D3199C09B10060CC21 /* Build configuration list for PBXProject "BidDesign" */ = {
			isa = XCConfigurationList;
			buildConfigurations = (
				C1E7E302199C09B20060CC21 /* Debug */,
				C1E7E303199C09B20060CC21 /* Release */,
			);
			defaultConfigurationIsVisible = 0;
			defaultConfigurationName = Release;
		};
		C1E7E304199C09B20060CC21 /* Build configuration list for PBXNativeTarget "BidDesign" */ = {
			isa = XCConfigurationList;
			buildConfigurations = (
				C1E7E305199C09B20060CC21 /* Debug */,
				C1E7E306199C09B20060CC21 /* Release */,
			);
			defaultConfigurationIsVisible = 0;
		};
		C1E7E307199C09B20060CC21 /* Build configuration list for PBXNativeTarget "BidDesignTests" */ = {
			isa = XCConfigurationList;
			buildConfigurations = (
				C1E7E308199C09B20060CC21 /* Debug */,
				C1E7E309199C09B20060CC21 /* Release */,
			);
			defaultConfigurationIsVisible = 0;
		};
/* End XCConfigurationList section */
	};
	rootObject = C1E7E2D0199C09B10060CC21 /* Project object */;
}
